{
  "nodes": {
    "flake-parts": {
      "inputs": {
        "nixpkgs-lib": "nixpkgs-lib"
      },
      "locked": {
        "lastModified": 1719994518,
        "narHash": "sha256-pQMhCCHyQGRzdfAkdJ4cIWiw+JNuWsTX7f0ZYSyz0VY=",
        "owner": "hercules-ci",
        "repo": "flake-parts",
        "rev": "9227223f6d922fee3c7b190b2cc238a99527bbb7",
        "type": "github"
      },
      "original": {
        "owner": "hercules-ci",
        "repo": "flake-parts",
        "type": "github"
      }
    },
    "helix": {
      "inputs": {
        "nixpkgs": "nixpkgs",
        "rust-overlay": "rust-overlay"
      },
      "locked": {
        "lastModified": 1749432877,
        "narHash": "sha256-z3fWdIANU38HVqgqAhBM0lHq7OTa3Ncxs4Hh/dejEk8=",
        "owner": "helix-editor",
        "repo": "helix",
        "rev": "2b26d27416b4b0fb2286bf05aae173ec23dd6592",
        "type": "github"
      },
      "original": {
        "owner": "helix-editor",
        "repo": "helix",
        "type": "github"
      }
    },
    "home-manager": {
      "inputs": {
        "nixpkgs": [
          "nixpkgs"
        ]
      },
      "locked": {
        "lastModified": 1749499854,
        "narHash": "sha256-V1BgwiX8NjbRreU6LC2EzmuqFSQAHhoSeNlYJyZ40NE=",
        "owner": "nix-community",
        "repo": "home-manager",
        "rev": "1df816c407d3a5090c8496c9b00170af7891f021",
        "type": "github"
      },
      "original": {
        "owner": "nix-community",
        "repo": "home-manager",
        "type": "github"
      }
    },
    "home-manager_2": {
      "inputs": {
        "nixpkgs": [
          "zen-browser",
          "nixpkgs"
        ]
      },
      "locked": {
        "lastModified": 1743604125,
        "narHash": "sha256-ZD61DNbsBt1mQbinAaaEqKaJk2RFo9R/j+eYWeGMx7A=",
        "owner": "nix-community",
        "repo": "home-manager",
        "rev": "180fd43eea296e62ae68e079fcf56aba268b9a1a",
        "type": "github"
      },
      "original": {
        "owner": "nix-community",
        "repo": "home-manager",
        "type": "github"
      }
    },
    "lexical-lsp": {
      "inputs": {
        "flake-parts": "flake-parts",
        "nixpkgs": "nixpkgs_2",
        "systems": "systems"
      },
      "locked": {
        "lastModified": 1739906465,
        "narHash": "sha256-p8XSJBX1igwC+ssEJGD8wb/ZYaEgLGozlY8N6spo3cA=",
        "owner": "lexical-lsp",
        "repo": "lexical",
        "rev": "477e8b418b27960710109d0014167bb371b0cade",
        "type": "github"
      },
      "original": {
        "owner": "lexical-lsp",
        "ref": "v0.7.3",
        "repo": "lexical",
        "type": "github"
      }
    },
    "next-ls": {
      "inputs": {
        "nixpkgs": "nixpkgs_3",
        "zigpkgs": "zigpkgs"
      },
      "locked": {
        "lastModified": 1736719401,
        "narHash": "sha256-de8/TD9HSoRBnRl/vjc1WdYL0l4lDbJofIiT4nVsdqE=",
        "owner": "elixir-tools",
        "repo": "next-ls",
        "rev": "9de082f82ecc58b3e1947e4f8d35c845a0008558",
        "type": "github"
      },
      "original": {
        "owner": "elixir-tools",
        "ref": "v0.23.3",
        "repo": "next-ls",
        "type": "github"
      }
    },
    "nixpkgs": {
      "locked": {
        "lastModified": 1740560979,
        "narHash": "sha256-Vr3Qi346M+8CjedtbyUevIGDZW8LcA1fTG0ugPY/Hic=",
        "owner": "nixos",
        "repo": "nixpkgs",
        "rev": "5135c59491985879812717f4c9fea69604e7f26f",
        "type": "github"
      },
      "original": {
        "owner": "nixos",
        "ref": "nixos-unstable",
        "repo": "nixpkgs",
        "type": "github"
      }
    },
    "nixpkgs-lib": {
      "locked": {
        "lastModified": 1719876945,
        "narHash": "sha256-Fm2rDDs86sHy0/1jxTOKB1118Q0O3Uc7EC0iXvXKpbI=",
        "type": "tarball",
        "url": "https://github.com/NixOS/nixpkgs/archive/5daf0514482af3f97abaefc78a6606365c9108e2.tar.gz"
      },
      "original": {
        "type": "tarball",
        "url": "https://github.com/NixOS/nixpkgs/archive/5daf0514482af3f97abaefc78a6606365c9108e2.tar.gz"
      }
    },
    "nixpkgs_2": {
      "locked": {
        "lastModified": 1719931832,
        "narHash": "sha256-0LD+KePCKKEb4CcPsTBOwf019wDtZJanjoKm1S8q3Do=",
        "owner": "NixOS",
        "repo": "nixpkgs",
        "rev": "0aeab749216e4c073cece5d34bc01b79e717c3e0",
        "type": "github"
      },
      "original": {
        "id": "nixpkgs",
        "type": "indirect"
      }
    },
    "nixpkgs_3": {
      "locked": {
        "lastModified": 1735471104,
        "narHash": "sha256-0q9NGQySwDQc7RhAV2ukfnu7Gxa5/ybJ2ANT8DQrQrs=",
        "owner": "NixOS",
        "repo": "nixpkgs",
        "rev": "88195a94f390381c6afcdaa933c2f6ff93959cb4",
        "type": "github"
      },
      "original": {
        "owner": "NixOS",
        "ref": "nixos-unstable",
        "repo": "nixpkgs",
        "type": "github"
      }
    },
    "nixpkgs_4": {
      "locked": {
        "lastModified": 1749285348,
        "narHash": "sha256-frdhQvPbmDYaScPFiCnfdh3B/Vh81Uuoo0w5TkWmmjU=",
        "owner": "nixos",
        "repo": "nixpkgs",
        "rev": "3e3afe5174c561dee0df6f2c2b2236990146329f",
        "type": "github"
      },
      "original": {
        "owner": "nixos",
        "ref": "nixos-unstable",
        "repo": "nixpkgs",
        "type": "github"
      }
    },
    "nixpkgs_5": {
      "locked": {
        "lastModified": 1743448293,
        "narHash": "sha256-bmEPmSjJakAp/JojZRrUvNcDX2R5/nuX6bm+seVaGhs=",
        "owner": "nixos",
        "repo": "nixpkgs",
        "rev": "77b584d61ff80b4cef9245829a6f1dfad5afdfa3",
        "type": "github"
      },
      "original": {
        "owner": "nixos",
        "ref": "nixos-unstable",
        "repo": "nixpkgs",
        "type": "github"
      }
    },
    "root": {
      "inputs": {
        "helix": "helix",
        "home-manager": "home-manager",
        "lexical-lsp": "lexical-lsp",
        "next-ls": "next-ls",
        "nixpkgs": "nixpkgs_4",
        "zed-editor": "zed-editor",
        "zen-browser": "zen-browser"
      }
    },
    "rust-overlay": {
      "inputs": {
        "nixpkgs": [
          "helix",
          "nixpkgs"
        ]
      },
      "locked": {
        "lastModified": 1740623427,
        "narHash": "sha256-3SdPQrZoa4odlScFDUHd4CUPQ/R1gtH4Mq9u8CBiK8M=",
        "owner": "oxalica",
        "repo": "rust-overlay",
        "rev": "d342e8b5fd88421ff982f383c853f0fc78a847ab",
        "type": "github"
      },
      "original": {
        "owner": "oxalica",
        "repo": "rust-overlay",
        "type": "github"
      }
    },
    "systems": {
      "locked": {
        "lastModified": 1681028828,
        "narHash": "sha256-Vy1rq5AaRuLzOxct8nz4T6wlgyUR7zLU309k9mBC768=",
        "owner": "nix-systems",
        "repo": "default",
        "rev": "da67096a3b9bf56a91d16901293e51ba5b49a27e",
        "type": "github"
      },
      "original": {
        "owner": "nix-systems",
        "repo": "default",
        "type": "github"
      }
    },
    "zed-editor": {
      "locked": {
        "lastModified": 1742502687,
        "narHash": "sha256-zw0tXS+Qhls52bkZQlHwqYV2AT7GYxogCwNJM++KAII=",
        "owner": "nixos",
        "repo": "nixpkgs",
        "rev": "1efd7847d1f9ee4d02d78184bf73ba09ac1767b5",
        "type": "github"
      },
      "original": {
        "owner": "nixos",
        "ref": "1efd7847d1f9ee4d02d78184bf73ba09ac1767b5",
        "repo": "nixpkgs",
        "type": "github"
      }
    },
    "zen-browser": {
      "inputs": {
        "home-manager": "home-manager_2",
        "nixpkgs": "nixpkgs_5"
      },
      "locked": {
        "lastModified": 1749511163,
        "narHash": "sha256-0NpDb30Wf1wBeMHQP4N6mUVIq+tNujNX9hplZSvXWKE=",
        "owner": "0xc000022070",
        "repo": "zen-browser-flake",
        "rev": "4cbc88072f1597e1757ec82fefaacc02f49c6c98",
        "type": "github"
      },
      "original": {
        "owner": "0xc000022070",
        "repo": "zen-browser-flake",
        "type": "github"
      }
    },
    "zigpkgs": {
      "locked": {
        "lastModified": 1704057613,
        "narHash": "sha256-5tPUpZlCpgqDQVUDlmhDhKn1h0A68jba8/DYie+yNC4=",
        "owner": "NixOS",
        "repo": "nixpkgs",
        "rev": "592a779f3c5e7bce1a02027abe11b7996816223f",
        "type": "github"
      },
      "original": {
        "owner": "NixOS",
        "repo": "nixpkgs",
        "rev": "592a779f3c5e7bce1a02027abe11b7996816223f",
        "type": "github"
      }
    }
  },
  "root": "root",
  "version": 7
}
