{
  "nodes": {
    "flake-utils": {
      "locked": {
        "lastModified": 1659877975,
        "narHash": "sha256-zllb8aq3YO3h8B/U0/J1WBgAL8EX5yWf5pMj3G0NAmc=",
        "owner": "numtide",
        "repo": "flake-utils",
        "rev": "c0e246b9b83f637f4681389ecabcb2681b4f3af0",
        "type": "github"
      },
      "original": {
        "owner": "numtide",
        "repo": "flake-utils",
        "type": "github"
      }
    },
    "home-manager": {
      "inputs": {
        "nixpkgs": [
          "nixpkgs"
        ],
        "utils": "utils"
      },
      "locked": {
        "lastModified": 1661201353,
        "narHash": "sha256-hee34c72DNz1Otj86b2NEc4s1JQ+qnIb1XyWuUD4v6o=",
        "owner": "nix-community",
        "repo": "home-manager",
        "rev": "0160a0cef076294127f8cc0750019410ab94370d",
        "type": "github"
      },
      "original": {
        "owner": "nix-community",
        "repo": "home-manager",
        "type": "github"
      }
    },
    "nixgl": {
      "inputs": {
        "flake-utils": "flake-utils",
        "nixpkgs": [
          "nixpkgs"
        ]
      },
      "locked": {
        "lastModified": 1660560253,
        "narHash": "sha256-cq7z+NX3zIfXdRjMOgo1JysTlSpkyRLZqFL9L2S2qhc=",
        "owner": "guibou",
        "repo": "nixGL",
        "rev": "6ba34f86658ba9a30b3c2e5cd5ae0709676583f2",
        "type": "github"
      },
      "original": {
        "owner": "guibou",
        "repo": "nixGL",
        "type": "github"
      }
    },
    "nixpkgs": {
      "locked": {
        "lastModified": 1661088761,
        "narHash": "sha256-5DGKX81wIPAAiLwUmUYECpA3vop94AHHR7WmGXSsQok=",
        "owner": "nixos",
        "repo": "nixpkgs",
        "rev": "a7855f2235a1876f97473a76151fec2afa02b287",
        "type": "github"
      },
      "original": {
        "owner": "nixos",
        "ref": "nixos-unstable",
        "repo": "nixpkgs",
        "type": "github"
      }
    },
    "nur": {
      "locked": {
        "lastModified": 1661219718,
        "narHash": "sha256-fl+/eYk4Au6ibqCl7Q2xYiGVW97nMtgkQkqSTM1N55U=",
        "owner": "nix-community",
        "repo": "NUR",
        "rev": "a07e2fd36d613786590befd40e036b12be73107a",
        "type": "github"
      },
      "original": {
        "owner": "nix-community",
        "repo": "NUR",
        "type": "github"
      }
    },
    "root": {
      "inputs": {
        "home-manager": "home-manager",
        "nixgl": "nixgl",
        "nixpkgs": "nixpkgs",
        "nur": "nur"
      }
    },
    "utils": {
      "locked": {
        "lastModified": 1653893745,
        "narHash": "sha256-0jntwV3Z8//YwuOjzhV2sgJJPt+HY6KhU7VZUL0fKZQ=",
        "owner": "numtide",
        "repo": "flake-utils",
        "rev": "1ed9fb1935d260de5fe1c2f7ee0ebaae17ed2fa1",
        "type": "github"
      },
      "original": {
        "owner": "numtide",
        "repo": "flake-utils",
        "type": "github"
      }
    }
  },
  "root": "root",
  "version": 7
}
